
Microsoft Visual Studio Solution File, Format Version 12.00
# Visual Studio Version 16
VisualStudioVersion = 16.0.32106.194
MinimumVisualStudioVersion = 10.0.40219.1
Project("{FAE04EC0-301F-11D3-BF4B-00C04F79EFBC}") = "Business", "Business\Business.csproj", "{EEBC8C37-436D-4E87-BD98-DA5E350AE68A}"
EndProject
Project("{FAE04EC0-301F-11D3-BF4B-00C04F79EFBC}") = "DataAccess", "DataAccess\DataAccess.csproj", "{3E055CDB-70C4-4D08-B196-D60913ACB347}"
EndProject
Project("{FAE04EC0-301F-11D3-BF4B-00C04F79EFBC}") = "Entities", "Entities\Entities.csproj", "{566F8344-64E6-4E3D-AEF5-0AF812320D63}"
EndProject
Project("{FAE04EC0-301F-11D3-BF4B-00C04F79EFBC}") = "ExamProject.UI", "ExamProject.UI\ExamProject.UI.csproj", "{3442CB35-2CAD-469A-B58E-733F3DC14680}"
EndProject
Project("{FAE04EC0-301F-11D3-BF4B-00C04F79EFBC}") = "Core", "Core\Core.csproj", "{266DBB5F-2A7A-4BD2-9DCE-758970D59E02}"
EndProject
Global
	GlobalSection(SolutionConfigurationPlatforms) = preSolution
		Debug|Any CPU = Debug|Any CPU
		Release|Any CPU = Release|Any CPU
	EndGlobalSection
	GlobalSection(ProjectConfigurationPlatforms) = postSolution
		{EEBC8C37-436D-4E87-BD98-DA5E350AE68A}.Debug|Any CPU.ActiveCfg = Debug|Any CPU
		{EEBC8C37-436D-4E87-BD98-DA5E350AE68A}.Debug|Any CPU.Build.0 = Debug|Any CPU
		{EEBC8C37-436D-4E87-BD98-DA5E350AE68A}.Release|Any CPU.ActiveCfg = Release|Any CPU
		{EEBC8C37-436D-4E87-BD98-DA5E350AE68A}.Release|Any CPU.Build.0 = Release|Any CPU
		{3E055CDB-70C4-4D08-B196-D60913ACB347}.Debug|Any CPU.ActiveCfg = Debug|Any CPU
		{3E055CDB-70C4-4D08-B196-D60913ACB347}.Debug|Any CPU.Build.0 = Debug|Any CPU
		{3E055CDB-70C4-4D08-B196-D60913ACB347}.Release|Any CPU.ActiveCfg = Release|Any CPU
		{3E055CDB-70C4-4D08-B196-D60913ACB347}.Release|Any CPU.Build.0 = Release|Any CPU
		{566F8344-64E6-4E3D-AEF5-0AF812320D63}.Debug|Any CPU.ActiveCfg = Debug|Any CPU
		{566F8344-64E6-4E3D-AEF5-0AF812320D63}.Debug|Any CPU.Build.0 = Debug|Any CPU
		{566F8344-64E6-4E3D-AEF5-0AF812320D63}.Release|Any CPU.ActiveCfg = Release|Any CPU
		{566F8344-64E6-4E3D-AEF5-0AF812320D63}.Release|Any CPU.Build.0 = Release|Any CPU
		{3442CB35-2CAD-469A-B58E-733F3DC14680}.Debug|Any CPU.ActiveCfg = Debug|Any CPU
		{3442CB35-2CAD-469A-B58E-733F3DC14680}.Debug|Any CPU.Build.0 = Debug|Any CPU
		{3442CB35-2CAD-469A-B58E-733F3DC14680}.Release|Any CPU.ActiveCfg = Release|Any CPU
		{3442CB35-2CAD-469A-B58E-733F3DC14680}.Release|Any CPU.Build.0 = Release|Any CPU
		{266DBB5F-2A7A-4BD2-9DCE-758970D59E02}.Debug|Any CPU.ActiveCfg = Debug|Any CPU
		{266DBB5F-2A7A-4BD2-9DCE-758970D59E02}.Debug|Any CPU.Build.0 = Debug|Any CPU
		{266DBB5F-2A7A-4BD2-9DCE-758970D59E02}.Release|Any CPU.ActiveCfg = Release|Any CPU
		{266DBB5F-2A7A-4BD2-9DCE-758970D59E02}.Release|Any CPU.Build.0 = Release|Any CPU
	EndGlobalSection
	GlobalSection(SolutionProperties) = preSolution
		HideSolutionNode = FALSE
	EndGlobalSection
	GlobalSection(ExtensibilityGlobals) = postSolution
		SolutionGuid = {F6F516E5-2F5F-42E8-B0A3-E4EC0926871E}
	EndGlobalSection
EndGlobal
